
Microsoft Visual Studio Solution File, Format Version 12.00
# Visual Studio Version 17
VisualStudioVersion = 17.0.31903.59
MinimumVisualStudioVersion = 10.0.40219.1
Project("{FAE04EC0-301F-11D3-BF4B-00C04F79EFBC}") = "server", "server\server.csproj", "{37F63844-67A9-46C1-8D3A-88A71ED52555}"
EndProject
Global
	GlobalSection(SolutionConfigurationPlatforms) = preSolution
		Debug|Any CPU = Debug|Any CPU
		Release|Any CPU = Release|Any CPU
	EndGlobalSection
	GlobalSection(SolutionProperties) = preSolution
		HideSolutionNode = FALSE
	EndGlobalSection
	GlobalSection(ProjectConfigurationPlatforms) = postSolution
		{7F10C381-7E8E-445B-AA78-882F2EC8263C}.Debug|Any CPU.ActiveCfg = Debug|Any CPU
		{7F10C381-7E8E-445B-AA78-882F2EC8263C}.Debug|Any CPU.Build.0 = Debug|Any CPU
		{7F10C381-7E8E-445B-AA78-882F2EC8263C}.Release|Any CPU.ActiveCfg = Release|Any CPU
		{7F10C381-7E8E-445B-AA78-882F2EC8263C}.Release|Any CPU.Build.0 = Release|Any CPU
		{37F63844-67A9-46C1-8D3A-88A71ED52555}.Debug|Any CPU.ActiveCfg = Debug|Any CPU
		{37F63844-67A9-46C1-8D3A-88A71ED52555}.Debug|Any CPU.Build.0 = Debug|Any CPU
		{37F63844-67A9-46C1-8D3A-88A71ED52555}.Release|Any CPU.ActiveCfg = Release|Any CPU
		{37F63844-67A9-46C1-8D3A-88A71ED52555}.Release|Any CPU.Build.0 = Release|Any CPU
	EndGlobalSection
EndGlobal
